{
  "version": 4,
  "terraform_version": "1.6.1",
  "serial": 22,
  "lineage": "aa13b46e-13be-d619-6116-3e61073e0bea",
  "outputs": {
    "application_api_id": {
      "value": "252644196484120579",
      "type": "string"
    },
    "application_api_key": {
      "value": "{\"type\":\"application\",\"keyId\":\"252644196702224387\",\"key\":\"-----BEGIN RSA PRIVATE KEY-----\\nMIIEpQIBAAKCAQEArh7aDbkhoSACncWrdCMV/Lqq4z2PB7a7y8NcbiAK8sMvqXF1\\n0VAhGvYT2po3UNI5vFsD3oCa1mYjdPHwUR/xTslGsRUEUyb1aS8WnPzZRXVdlmIv\\nmCL3O3ArOJuncpHS8abri8AhWWLXWYMFaHsiH1Zj8nlovUy5Bz1SFQ/RVLPX2D30\\nvI7Z0xh1wqXraPoux7IJpGbF6yhuoOd6Lr2WJjYzoV0yCL2x8lLTtvLEeWndF7q4\\nBDVK9gk+BKRA5W1Wmhuf5pkwyqEK3FjBOBo/eFFHHSlvV+sJTjoBovUh8cTf4BMx\\n7sjnpsTLSAK+wJhSw2LBEi+vv5nxETyi9ffBVwIDAQABAoIBAQCfkQBtkRpDiY08\\nPvkn/jtZF0wh4bkg7ZJeYpNjDJRb8wnLs4GwJ0mfZqG9NJS6yV1FwvbhwmOjVYjq\\n1AlSnv5KIGRbRhJnjY1bLl7/0Svf3nW8qhBJ0MlXPC0vvF2QvhhdgoXb1V/6hX0q\\nt8qN/EHCDC6d+CtHR3dNLiH50TwZ7Q5Ch0XVMOSNBBQzwDZiXuNDwutH44IEm59X\\n51oKCwHmvy/UD1Nzl6Zfl+miJzHKbdJTuJYP2+P5qlRoLiwIvplDd5DUDFjZEOjA\\n47Mwk3IKVPnBhKMQIqedSmSWk4L9UJJIVqWola4QXXX3zLPntWWaOuYUoBrZCQq8\\nfTrqjMY5AoGBAMRBbbZ1JRkXLBYxYCGmqrNVk1F16IiEfdJi8UHIxTOmO0Frn1e2\\nAo2g3E09t2RToQ9LANKPRNiARyrS3Mosdt+kOVdHWiUCPX+bYmH/YdghzbFpF46N\\nokOYl9HmwoLGpiHPn657fxe+P78C8oNhwzmfAiN2SaeJZr1AmLhXkcZFAoGBAOMg\\nZTYDFSB09X574tEvn/AfvzOTqwsKFkbBf7K6zC3KjDEY8ZR9y1xY8Cq18W9FwBaT\\nLLG4otYvz0EWGs2BwbmczrRygJhFrlr9mKcPZa3evQaIhLlHKt9CTtfB/olBe5+d\\nD+L79XnvGC/pVzHiekjr+WTsoiD6+S/Ty2+5V8DrAoGATc4aruFWadIT+mBs2ip3\\nNk3Q79Ss8aKFN2leeFQeSlG24ELIkz9nV7rUXBMBp9a33ZZApzmBc8u3azTZr5Vd\\nM2CqEv4IsO9objSuFmfm5IbSQ2mEm1FvaRkP53ly1+HlbzYe+k+fnUwhfZqvhoK1\\noRx2/pQgszj38EOxyDN/aXkCgYEAiz0D7y3KmOA60/S840MQCNRdkg/4LsdbSrs7\\nPuXXYEco1LyW9VJ9Bjsb2QM7ZNzc2roVD0rCwQ4EP8F+YvgmPFUOP39mqHMnZW7M\\nU7ZTvlirh0LQIwmnFcF/tjOeiKSVVg+ieqO+JKdYK58gLlvKXcQUWzPaXN+fPhvY\\nPsDgNEsCgYEAgNFkub1NK3sZ8zGQVRdvDXJIU78S7aLKNXQJo9CZPQfivdj5muLw\\nZNtWrW2TQbxpsUHZDs6lbyN3cvZw346+HGi7COjFkvNX8pMK3oJvJG1JOcHccFDb\\nJXuVox3BU9KpsJ0jOohQpQ7bgZ0H2lGmTF6d0NrAv4FWMdmRNqipy7c=\\n-----END RSA PRIVATE KEY-----\\n\",\"appId\":\"252644196484120579\",\"clientId\":\"252644196484186115@todo-api-go-project\"}",
      "type": "string",
      "sensitive": true
    },
    "oidc_app_client_id": {
      "value": "252645590486286339@todo-api-go-project",
      "type": "string",
      "sensitive": true
    },
    "org_id": {
      "value": "252644195678814211",
      "type": "string"
    },
    "project_id": {
      "value": "252644195947249667",
      "type": "string"
    },
    "readonly_pat": {
      "value": "Obvmf5ihEyq75TCRDByJbpEKRHIMEGKiDtzaz5grKYeigjRIb1Fvlk4sHsXMsXsTVTuGWH4",
      "type": "string",
      "sensitive": true
    },
    "readwrite_pat": {
      "value": "-pEfnbr4vRqSEni5ziXOOIdD3_2hNkH3e6Qhm2SkuqAE0nWVCXnnpm6788PklO9rX4UwVcg",
      "type": "string",
      "sensitive": true
    }
  },
  "resources": [
    {
      "mode": "managed",
      "type": "zitadel_application_api",
      "name": "default",
      "provider": "provider[\"registry.opentofu.org/zitadel/zitadel\"]",
      "instances": [
        {
          "schema_version": 0,
          "attributes": {
            "auth_method_type": "API_AUTH_METHOD_TYPE_PRIVATE_KEY_JWT",
            "client_id": "252644196484186115@todo-api-go-project",
            "client_secret": "",
            "id": "252644196484120579",
            "name": "todo-api-go",
            "org_id": "252644195678814211",
            "project_id": "252644195947249667"
          },
          "sensitive_attributes": [],
          "private": "bnVsbA==",
          "dependencies": [
            "zitadel_org.default",
            "zitadel_project.default"
          ]
        }
      ]
    },
    {
      "mode": "managed",
      "type": "zitadel_application_key",
      "name": "default",
      "provider": "provider[\"registry.opentofu.org/zitadel/zitadel\"]",
      "instances": [
        {
          "schema_version": 0,
          "attributes": {
            "app_id": "252644196484120579",
            "expiration_date": "2519-04-01T08:45:00Z",
            "id": "252644196702224387",
            "key_details": "{\"type\":\"application\",\"keyId\":\"252644196702224387\",\"key\":\"-----BEGIN RSA PRIVATE KEY-----\\nMIIEpQIBAAKCAQEArh7aDbkhoSACncWrdCMV/Lqq4z2PB7a7y8NcbiAK8sMvqXF1\\n0VAhGvYT2po3UNI5vFsD3oCa1mYjdPHwUR/xTslGsRUEUyb1aS8WnPzZRXVdlmIv\\nmCL3O3ArOJuncpHS8abri8AhWWLXWYMFaHsiH1Zj8nlovUy5Bz1SFQ/RVLPX2D30\\nvI7Z0xh1wqXraPoux7IJpGbF6yhuoOd6Lr2WJjYzoV0yCL2x8lLTtvLEeWndF7q4\\nBDVK9gk+BKRA5W1Wmhuf5pkwyqEK3FjBOBo/eFFHHSlvV+sJTjoBovUh8cTf4BMx\\n7sjnpsTLSAK+wJhSw2LBEi+vv5nxETyi9ffBVwIDAQABAoIBAQCfkQBtkRpDiY08\\nPvkn/jtZF0wh4bkg7ZJeYpNjDJRb8wnLs4GwJ0mfZqG9NJS6yV1FwvbhwmOjVYjq\\n1AlSnv5KIGRbRhJnjY1bLl7/0Svf3nW8qhBJ0MlXPC0vvF2QvhhdgoXb1V/6hX0q\\nt8qN/EHCDC6d+CtHR3dNLiH50TwZ7Q5Ch0XVMOSNBBQzwDZiXuNDwutH44IEm59X\\n51oKCwHmvy/UD1Nzl6Zfl+miJzHKbdJTuJYP2+P5qlRoLiwIvplDd5DUDFjZEOjA\\n47Mwk3IKVPnBhKMQIqedSmSWk4L9UJJIVqWola4QXXX3zLPntWWaOuYUoBrZCQq8\\nfTrqjMY5AoGBAMRBbbZ1JRkXLBYxYCGmqrNVk1F16IiEfdJi8UHIxTOmO0Frn1e2\\nAo2g3E09t2RToQ9LANKPRNiARyrS3Mosdt+kOVdHWiUCPX+bYmH/YdghzbFpF46N\\nokOYl9HmwoLGpiHPn657fxe+P78C8oNhwzmfAiN2SaeJZr1AmLhXkcZFAoGBAOMg\\nZTYDFSB09X574tEvn/AfvzOTqwsKFkbBf7K6zC3KjDEY8ZR9y1xY8Cq18W9FwBaT\\nLLG4otYvz0EWGs2BwbmczrRygJhFrlr9mKcPZa3evQaIhLlHKt9CTtfB/olBe5+d\\nD+L79XnvGC/pVzHiekjr+WTsoiD6+S/Ty2+5V8DrAoGATc4aruFWadIT+mBs2ip3\\nNk3Q79Ss8aKFN2leeFQeSlG24ELIkz9nV7rUXBMBp9a33ZZApzmBc8u3azTZr5Vd\\nM2CqEv4IsO9objSuFmfm5IbSQ2mEm1FvaRkP53ly1+HlbzYe+k+fnUwhfZqvhoK1\\noRx2/pQgszj38EOxyDN/aXkCgYEAiz0D7y3KmOA60/S840MQCNRdkg/4LsdbSrs7\\nPuXXYEco1LyW9VJ9Bjsb2QM7ZNzc2roVD0rCwQ4EP8F+YvgmPFUOP39mqHMnZW7M\\nU7ZTvlirh0LQIwmnFcF/tjOeiKSVVg+ieqO+JKdYK58gLlvKXcQUWzPaXN+fPhvY\\nPsDgNEsCgYEAgNFkub1NK3sZ8zGQVRdvDXJIU78S7aLKNXQJo9CZPQfivdj5muLw\\nZNtWrW2TQbxpsUHZDs6lbyN3cvZw346+HGi7COjFkvNX8pMK3oJvJG1JOcHccFDb\\nJXuVox3BU9KpsJ0jOohQpQ7bgZ0H2lGmTF6d0NrAv4FWMdmRNqipy7c=\\n-----END RSA PRIVATE KEY-----\\n\",\"appId\":\"252644196484120579\",\"clientId\":\"252644196484186115@todo-api-go-project\"}",
            "key_type": "KEY_TYPE_JSON",
            "org_id": "252644195678814211",
            "project_id": "252644195947249667"
          },
          "sensitive_attributes": [],
          "private": "bnVsbA==",
          "dependencies": [
            "zitadel_application_api.default",
            "zitadel_org.default",
            "zitadel_project.default"
          ]
        }
      ]
    },
    {
      "mode": "managed",
      "type": "zitadel_application_oidc",
      "name": "default",
      "provider": "provider[\"registry.opentofu.org/zitadel/zitadel\"]",
      "instances": [
        {
          "schema_version": 0,
          "attributes": {
            "access_token_role_assertion": true,
            "access_token_type": "OIDC_TOKEN_TYPE_BEARER",
            "additional_origins": [],
            "app_type": "OIDC_APP_TYPE_USER_AGENT",
            "auth_method_type": "OIDC_AUTH_METHOD_TYPE_BASIC",
            "client_id": "252645590486286339@todo-api-go-project",
            "client_secret": "nzRE0HMVvQEA6TR2NnlpsvJKDQc0KCha1lX4YKJyY4bAikKR0gXB0t8rjWR5pdKp",
            "clock_skew": "0s",
            "dev_mode": true,
            "grant_types": [
              "OIDC_GRANT_TYPE_AUTHORIZATION_CODE",
              "OIDC_GRANT_TYPE_REFRESH_TOKEN"
            ],
            "id": "252645590486220803",
            "id_token_role_assertion": true,
            "id_token_userinfo_assertion": true,
            "name": "todo-api-go-oidc",
            "org_id": "252644195678814211",
            "post_logout_redirect_uris": [
              "http://localhost",
              "http://localhost:28080"
            ],
            "project_id": "252644195947249667",
            "redirect_uris": [
              "http://localhost",
              "http://localhost:28080"
            ],
            "response_types": [
              "OIDC_RESPONSE_TYPE_CODE"
            ],
            "version": "OIDC_VERSION_1_0"
          },
          "sensitive_attributes": [],
          "private": "bnVsbA==",
          "dependencies": [
            "zitadel_org.default",
            "zitadel_project.default"
          ]
        }
      ]
    },
    {
      "mode": "managed",
      "type": "zitadel_human_user",
      "name": "readonly",
      "provider": "provider[\"registry.opentofu.org/zitadel/zitadel\"]",
      "instances": [
        {
          "schema_version": 0,
          "attributes": {
            "display_name": "Read Only",
            "email": "readonly@localhost.com",
            "first_name": "Read",
            "gender": "GENDER_UNSPECIFIED",
            "id": "252644195896918019",
            "initial_password": "P455w0rd!",
            "is_email_verified": true,
            "is_phone_verified": false,
            "last_name": "Only",
            "login_names": [
              "readonly@localhost.com"
            ],
            "nick_name": "",
            "org_id": "252644195678814211",
            "phone": "",
            "preferred_language": "und",
            "preferred_login_name": "readonly@localhost.com",
            "state": "USER_STATE_ACTIVE",
            "user_name": "readonly@localhost.com"
          },
          "sensitive_attributes": [],
          "private": "bnVsbA==",
          "dependencies": [
            "zitadel_org.default"
          ]
        }
      ]
    },
    {
      "mode": "managed",
      "type": "zitadel_human_user",
      "name": "readwrite",
      "provider": "provider[\"registry.opentofu.org/zitadel/zitadel\"]",
      "instances": [
        {
          "schema_version": 0,
          "attributes": {
            "display_name": "Read Write",
            "email": "readwrite@localhost.com",
            "first_name": "Read",
            "gender": "GENDER_UNSPECIFIED",
            "id": "252644196098310147",
            "initial_password": "P455w0rd!",
            "is_email_verified": true,
            "is_phone_verified": false,
            "last_name": "Write",
            "login_names": [
              "readwrite@localhost.com"
            ],
            "nick_name": "",
            "org_id": "252644195678814211",
            "phone": "",
            "preferred_language": "und",
            "preferred_login_name": "readwrite@localhost.com",
            "state": "USER_STATE_ACTIVE",
            "user_name": "readwrite@localhost.com"
          },
          "sensitive_attributes": [],
          "private": "bnVsbA==",
          "dependencies": [
            "zitadel_org.default"
          ]
        }
      ]
    },
    {
      "mode": "managed",
      "type": "zitadel_machine_user",
      "name": "readonly",
      "provider": "provider[\"registry.opentofu.org/zitadel/zitadel\"]",
      "instances": [
        {
          "schema_version": 0,
          "attributes": {
            "access_token_type": "ACCESS_TOKEN_TYPE_BEARER",
            "description": "Read-only user",
            "id": "252644196098244611",
            "login_names": [
              "readonly"
            ],
            "name": "Read Only User",
            "org_id": "252644195678814211",
            "preferred_login_name": "readonly",
            "state": "USER_STATE_ACTIVE",
            "user_name": "readonly"
          },
          "sensitive_attributes": [],
          "private": "bnVsbA==",
          "dependencies": [
            "zitadel_org.default"
          ]
        }
      ]
    },
    {
      "mode": "managed",
      "type": "zitadel_machine_user",
      "name": "readwrite",
      "provider": "provider[\"registry.opentofu.org/zitadel/zitadel\"]",
      "instances": [
        {
          "schema_version": 0,
          "attributes": {
            "access_token_type": "ACCESS_TOKEN_TYPE_BEARER",
            "description": "Read/Write user",
            "id": "252644195863363587",
            "login_names": [
              "readwrite"
            ],
            "name": "Read Write User",
            "org_id": "252644195678814211",
            "preferred_login_name": "readwrite",
            "state": "USER_STATE_ACTIVE",
            "user_name": "readwrite"
          },
          "sensitive_attributes": [],
          "private": "bnVsbA==",
          "dependencies": [
            "zitadel_org.default"
          ]
        }
      ]
    },
    {
      "mode": "managed",
      "type": "zitadel_org",
      "name": "default",
      "provider": "provider[\"registry.opentofu.org/zitadel/zitadel\"]",
      "instances": [
        {
          "schema_version": 0,
          "attributes": {
            "id": "252644195678814211",
            "is_default": null,
            "name": "todo-api-org",
            "primary_domain": "todo-api-org.localhost",
            "state": "ORG_STATE_ACTIVE"
          },
          "sensitive_attributes": [],
          "private": "bnVsbA=="
        }
      ]
    },
    {
      "mode": "managed",
      "type": "zitadel_personal_access_token",
      "name": "readonly",
      "provider": "provider[\"registry.opentofu.org/zitadel/zitadel\"]",
      "instances": [
        {
          "schema_version": 0,
          "attributes": {
            "expiration_date": "2519-04-01T08:45:00Z",
            "id": "252644196752556035",
            "org_id": "252644195678814211",
            "token": "Obvmf5ihEyq75TCRDByJbpEKRHIMEGKiDtzaz5grKYeigjRIb1Fvlk4sHsXMsXsTVTuGWH4",
            "user_id": "252644196098244611"
          },
          "sensitive_attributes": [],
          "private": "bnVsbA==",
          "dependencies": [
            "zitadel_machine_user.readonly",
            "zitadel_org.default"
          ]
        }
      ]
    },
    {
      "mode": "managed",
      "type": "zitadel_personal_access_token",
      "name": "readwrite",
      "provider": "provider[\"registry.opentofu.org/zitadel/zitadel\"]",
      "instances": [
        {
          "schema_version": 0,
          "attributes": {
            "expiration_date": "2519-04-01T08:45:00Z",
            "id": "252644196635115523",
            "org_id": "252644195678814211",
            "token": "-pEfnbr4vRqSEni5ziXOOIdD3_2hNkH3e6Qhm2SkuqAE0nWVCXnnpm6788PklO9rX4UwVcg",
            "user_id": "252644195863363587"
          },
          "sensitive_attributes": [],
          "private": "bnVsbA==",
          "dependencies": [
            "zitadel_machine_user.readwrite",
            "zitadel_org.default"
          ]
        }
      ]
    },
    {
      "mode": "managed",
      "type": "zitadel_project",
      "name": "default",
      "provider": "provider[\"registry.opentofu.org/zitadel/zitadel\"]",
      "instances": [
        {
          "schema_version": 0,
          "attributes": {
            "has_project_check": true,
            "id": "252644195947249667",
            "name": "todo-api-go-project",
            "org_id": "252644195678814211",
            "private_labeling_setting": "PRIVATE_LABELING_SETTING_ENFORCE_PROJECT_RESOURCE_OWNER_POLICY",
            "project_role_assertion": true,
            "project_role_check": true,
            "state": "PROJECT_STATE_ACTIVE"
          },
          "sensitive_attributes": [],
          "private": "bnVsbA==",
          "dependencies": [
            "zitadel_org.default"
          ]
        }
      ]
    },
    {
      "mode": "managed",
      "type": "zitadel_project_role",
      "name": "name",
      "provider": "provider[\"registry.opentofu.org/zitadel/zitadel\"]",
      "instances": [
        {
          "index_key": 0,
          "schema_version": 0,
          "attributes": {
            "display_name": "create",
            "group": "",
            "id": "252644195678814211_252644195947249667_create",
            "org_id": "252644195678814211",
            "project_id": "252644195947249667",
            "role_key": "create"
          },
          "sensitive_attributes": [],
          "private": "bnVsbA==",
          "dependencies": [
            "zitadel_org.default",
            "zitadel_project.default"
          ]
        },
        {
          "index_key": 1,
          "schema_version": 0,
          "attributes": {
            "display_name": "retrieve",
            "group": "",
            "id": "252644195678814211_252644195947249667_retrieve",
            "org_id": "252644195678814211",
            "project_id": "252644195947249667",
            "role_key": "retrieve"
          },
          "sensitive_attributes": [],
          "private": "bnVsbA==",
          "dependencies": [
            "zitadel_org.default",
            "zitadel_project.default"
          ]
        },
        {
          "index_key": 2,
          "schema_version": 0,
          "attributes": {
            "display_name": "update",
            "group": "",
            "id": "252644195678814211_252644195947249667_update",
            "org_id": "252644195678814211",
            "project_id": "252644195947249667",
            "role_key": "update"
          },
          "sensitive_attributes": [],
          "private": "bnVsbA==",
          "dependencies": [
            "zitadel_org.default",
            "zitadel_project.default"
          ]
        },
        {
          "index_key": 3,
          "schema_version": 0,
          "attributes": {
            "display_name": "delete",
            "group": "",
            "id": "252644195678814211_252644195947249667_delete",
            "org_id": "252644195678814211",
            "project_id": "252644195947249667",
            "role_key": "delete"
          },
          "sensitive_attributes": [],
          "private": "bnVsbA==",
          "dependencies": [
            "zitadel_org.default",
            "zitadel_project.default"
          ]
        }
      ]
    },
    {
      "mode": "managed",
      "type": "zitadel_user_grant",
      "name": "readonly",
      "provider": "provider[\"registry.opentofu.org/zitadel/zitadel\"]",
      "instances": [
        {
          "schema_version": 0,
          "attributes": {
            "id": "252644197859852291",
            "org_id": "252644195678814211",
            "project_grant_id": null,
            "project_id": "252644195947249667",
            "role_keys": [
              "retrieve"
            ],
            "user_id": "252644195896918019"
          },
          "sensitive_attributes": [],
          "private": "bnVsbA==",
          "dependencies": [
            "zitadel_human_user.readonly",
            "zitadel_org.default",
            "zitadel_project.default"
          ]
        }
      ]
    },
    {
      "mode": "managed",
      "type": "zitadel_user_grant",
      "name": "readwrite",
      "provider": "provider[\"registry.opentofu.org/zitadel/zitadel\"]",
      "instances": [
        {
          "schema_version": 0,
          "attributes": {
            "id": "252644198094733315",
            "org_id": "252644195678814211",
            "project_grant_id": null,
            "project_id": "252644195947249667",
            "role_keys": [
              "create",
              "delete",
              "retrieve",
              "update"
            ],
            "user_id": "252644196098310147"
          },
          "sensitive_attributes": [],
          "private": "bnVsbA==",
          "dependencies": [
            "zitadel_human_user.readwrite",
            "zitadel_org.default",
            "zitadel_project.default"
          ]
        }
      ]
    }
  ],
  "check_results": null
}
